// !$*UTF8*$!
{
	archiveVersion = 1;
	classes = {
	};
	objectVersion = 55;
	objects = {

/* Begin PBXBuildFile section */
		ED0EC0162858E895003839E3 /* CaptureFolderState.swift in Sources */ = {isa = PBXBuildFile; fileRef = ED0EC0152858E895003839E3 /* CaptureFolderState.swift */; };
		ED0EC0182858E947003839E3 /* SignTableViewController.swift in Sources */ = {isa = PBXBuildFile; fileRef = ED0EC0172858E947003839E3 /* SignTableViewController.swift */; };
		ED0EC01A2858ECBE003839E3 /* PreviewViewController.swift in Sources */ = {isa = PBXBuildFile; fileRef = ED0EC0192858ECBE003839E3 /* PreviewViewController.swift */; };
		ED0EC01C2858EF73003839E3 /* PreviewViewCell.swift in Sources */ = {isa = PBXBuildFile; fileRef = ED0EC01B2858EF73003839E3 /* PreviewViewCell.swift */; };
		ED1D99DC28755BA9004037EA /* SLRecordingViewController.swift in Sources */ = {isa = PBXBuildFile; fileRef = ED1D99DB28755BA9004037EA /* SLRecordingViewController.swift */; };
		ED1D99DE28755BF0004037EA /* SLLibraryViewController.swift in Sources */ = {isa = PBXBuildFile; fileRef = ED1D99DD28755BF0004037EA /* SLLibraryViewController.swift */; };
		ED1D99E028755FF2004037EA /* SLRecordingManager.swift in Sources */ = {isa = PBXBuildFile; fileRef = ED1D99DF28755FF2004037EA /* SLRecordingManager.swift */; };
		ED1D99E228756BA0004037EA /* ExtractedWordCell.swift in Sources */ = {isa = PBXBuildFile; fileRef = ED1D99E128756BA0004037EA /* ExtractedWordCell.swift */; };
		ED427AED287420780071700A /* RoundBorderView.swift in Sources */ = {isa = PBXBuildFile; fileRef = ED427AEC287420780071700A /* RoundBorderView.swift */; };
		ED427AF0287428370071700A /* SLFrame.swift in Sources */ = {isa = PBXBuildFile; fileRef = ED427AEF287428370071700A /* SLFrame.swift */; };
		ED427AF2287428470071700A /* SLSign.swift in Sources */ = {isa = PBXBuildFile; fileRef = ED427AF1287428470071700A /* SLSign.swift */; };
		ED427AF4287428BF0071700A /* SLSentence.swift in Sources */ = {isa = PBXBuildFile; fileRef = ED427AF3287428BF0071700A /* SLSentence.swift */; };
		ED427AF6287428F40071700A /* SLPlayer.swift in Sources */ = {isa = PBXBuildFile; fileRef = ED427AF5287428F40071700A /* SLPlayer.swift */; };
		ED43F2E92875872000E9B360 /* SLPreviewViewController.swift in Sources */ = {isa = PBXBuildFile; fileRef = ED43F2E82875872000E9B360 /* SLPreviewViewController.swift */; };
		ED448D422872EC74009772B9 /* README.md in Resources */ = {isa = PBXBuildFile; fileRef = ED448D412872EC74009772B9 /* README.md */; };
		ED8BE07827477FD200DCED51 /* AnnouncementViewController.swift in Sources */ = {isa = PBXBuildFile; fileRef = ED8BE07727477FD200DCED51 /* AnnouncementViewController.swift */; };
		ED8BE07A2747828600DCED51 /* SpeechManager.swift in Sources */ = {isa = PBXBuildFile; fileRef = ED8BE0792747828600DCED51 /* SpeechManager.swift */; };
		ED8BE07C2747911E00DCED51 /* UIViewController.swift in Sources */ = {isa = PBXBuildFile; fileRef = ED8BE07B2747911E00DCED51 /* UIViewController.swift */; };
		ED8BE0802747956600DCED51 /* PAViewController.swift in Sources */ = {isa = PBXBuildFile; fileRef = ED8BE07F2747956500DCED51 /* PAViewController.swift */; };
		ED8BE0822747961400DCED51 /* sign.mp4 in Resources */ = {isa = PBXBuildFile; fileRef = ED8BE0812747961400DCED51 /* sign.mp4 */; };
		ED8BE08427479E8D00DCED51 /* ScanToSignLanguageViewController.swift in Sources */ = {isa = PBXBuildFile; fileRef = ED8BE08327479E8D00DCED51 /* ScanToSignLanguageViewController.swift */; };
		ED8BE0882747BDC900DCED51 /* ShortFilmV1.mp4 in Resources */ = {isa = PBXBuildFile; fileRef = ED8BE0872747BDC900DCED51 /* ShortFilmV1.mp4 */; };
		ED8BE08A2747BDDC00DCED51 /* InflightViewController.swift in Sources */ = {isa = PBXBuildFile; fileRef = ED8BE0892747BDDC00DCED51 /* InflightViewController.swift */; };
		ED8BE0912747C60200DCED51 /* part12.mov in Resources */ = {isa = PBXBuildFile; fileRef = ED8BE08F2747C60100DCED51 /* part12.mov */; };
		ED8BE0922747C60200DCED51 /* part22.mov in Resources */ = {isa = PBXBuildFile; fileRef = ED8BE0902747C60100DCED51 /* part22.mov */; };
		ED8F42C628733B0200757254 /* LiveTextViewController.swift in Sources */ = {isa = PBXBuildFile; fileRef = ED8F42C528733B0200757254 /* LiveTextViewController.swift */; };
		EDDBE2D92740BA6000929EAC /* AppDelegate.swift in Sources */ = {isa = PBXBuildFile; fileRef = EDDBE2D82740BA6000929EAC /* AppDelegate.swift */; };
		EDDBE2DB2740BA6000929EAC /* SceneDelegate.swift in Sources */ = {isa = PBXBuildFile; fileRef = EDDBE2DA2740BA6000929EAC /* SceneDelegate.swift */; };
		EDDBE2DD2740BA6000929EAC /* SignLangRecorderViewController.swift in Sources */ = {isa = PBXBuildFile; fileRef = EDDBE2DC2740BA6000929EAC /* SignLangRecorderViewController.swift */; };
		EDDBE2E02740BA6100929EAC /* Main.storyboard in Resources */ = {isa = PBXBuildFile; fileRef = EDDBE2DE2740BA6100929EAC /* Main.storyboard */; };
		EDDBE2E22740BA6200929EAC /* Assets.xcassets in Resources */ = {isa = PBXBuildFile; fileRef = EDDBE2E12740BA6200929EAC /* Assets.xcassets */; };
		EDDBE2E52740BA6200929EAC /* LaunchScreen.storyboard in Resources */ = {isa = PBXBuildFile; fileRef = EDDBE2E32740BA6200929EAC /* LaunchScreen.storyboard */; };
		EDDBE2F12740BA9800929EAC /* AVCaptureVideoOrientation+Extension.swift in Sources */ = {isa = PBXBuildFile; fileRef = EDDBE2EE2740BA9800929EAC /* AVCaptureVideoOrientation+Extension.swift */; };
		EDDBE2F22740BA9800929EAC /* VideoCapture.swift in Sources */ = {isa = PBXBuildFile; fileRef = EDDBE2EF2740BA9800929EAC /* VideoCapture.swift */; };
		EDDBE2F42740BAD400929EAC /* CGImageExt.swift in Sources */ = {isa = PBXBuildFile; fileRef = EDDBE2F32740BAD400929EAC /* CGImageExt.swift */; };
		EDE1F07B2872FD2F00E0A497 /* ShareViewController.swift in Sources */ = {isa = PBXBuildFile; fileRef = EDE1F07A2872FD2F00E0A497 /* ShareViewController.swift */; };
		EDE1F07E2872FD2F00E0A497 /* MainInterface.storyboard in Resources */ = {isa = PBXBuildFile; fileRef = EDE1F07C2872FD2F00E0A497 /* MainInterface.storyboard */; };
		EDE1F0822872FD2F00E0A497 /* Photo.appex in Embed Foundation Extensions */ = {isa = PBXBuildFile; fileRef = EDE1F0782872FD2F00E0A497 /* Photo.appex */; settings = {ATTRIBUTES = (RemoveHeadersOnCopy, ); }; };
/* End PBXBuildFile section */

/* Begin PBXContainerItemProxy section */
		EDE1F0802872FD2F00E0A497 /* PBXContainerItemProxy */ = {
			isa = PBXContainerItemProxy;
			containerPortal = EDDBE2CD2740BA6000929EAC /* Project object */;
			proxyType = 1;
			remoteGlobalIDString = EDE1F0772872FD2F00E0A497;
			remoteInfo = Photo;
		};
/* End PBXContainerItemProxy section */

/* Begin PBXCopyFilesBuildPhase section */
		EDE1F0862872FD2F00E0A497 /* Embed Foundation Extensions */ = {
			isa = PBXCopyFilesBuildPhase;
			buildActionMask = 2147483647;
			dstPath = "";
			dstSubfolderSpec = 13;
			files = (
				EDE1F0822872FD2F00E0A497 /* Photo.appex in Embed Foundation Extensions */,
			);
			name = "Embed Foundation Extensions";
			runOnlyForDeploymentPostprocessing = 0;
		};
/* End PBXCopyFilesBuildPhase section */

/* Begin PBXFileReference section */
		ED0EC0152858E895003839E3 /* CaptureFolderState.swift */ = {isa = PBXFileReference; fileEncoding = 4; lastKnownFileType = sourcecode.swift; path = CaptureFolderState.swift; sourceTree = "<group>"; };
		ED0EC0172858E947003839E3 /* SignTableViewController.swift */ = {isa = PBXFileReference; lastKnownFileType = sourcecode.swift; path = SignTableViewController.swift; sourceTree = "<group>"; };
		ED0EC0192858ECBE003839E3 /* PreviewViewController.swift */ = {isa = PBXFileReference; lastKnownFileType = sourcecode.swift; path = PreviewViewController.swift; sourceTree = "<group>"; };
		ED0EC01B2858EF73003839E3 /* PreviewViewCell.swift */ = {isa = PBXFileReference; lastKnownFileType = sourcecode.swift; path = PreviewViewCell.swift; sourceTree = "<group>"; };
		ED1D99DB28755BA9004037EA /* SLRecordingViewController.swift */ = {isa = PBXFileReference; lastKnownFileType = sourcecode.swift; path = SLRecordingViewController.swift; sourceTree = "<group>"; };
		ED1D99DD28755BF0004037EA /* SLLibraryViewController.swift */ = {isa = PBXFileReference; lastKnownFileType = sourcecode.swift; path = SLLibraryViewController.swift; sourceTree = "<group>"; };
		ED1D99DF28755FF2004037EA /* SLRecordingManager.swift */ = {isa = PBXFileReference; lastKnownFileType = sourcecode.swift; path = SLRecordingManager.swift; sourceTree = "<group>"; };
		ED1D99E128756BA0004037EA /* ExtractedWordCell.swift */ = {isa = PBXFileReference; lastKnownFileType = sourcecode.swift; path = ExtractedWordCell.swift; sourceTree = "<group>"; };
		ED427AEC287420780071700A /* RoundBorderView.swift */ = {isa = PBXFileReference; lastKnownFileType = sourcecode.swift; path = RoundBorderView.swift; sourceTree = "<group>"; };
		ED427AEF287428370071700A /* SLFrame.swift */ = {isa = PBXFileReference; lastKnownFileType = sourcecode.swift; path = SLFrame.swift; sourceTree = "<group>"; };
		ED427AF1287428470071700A /* SLSign.swift */ = {isa = PBXFileReference; lastKnownFileType = sourcecode.swift; path = SLSign.swift; sourceTree = "<group>"; };
		ED427AF3287428BF0071700A /* SLSentence.swift */ = {isa = PBXFileReference; lastKnownFileType = sourcecode.swift; path = SLSentence.swift; sourceTree = "<group>"; };
		ED427AF5287428F40071700A /* SLPlayer.swift */ = {isa = PBXFileReference; lastKnownFileType = sourcecode.swift; path = SLPlayer.swift; sourceTree = "<group>"; };
		ED43F2E82875872000E9B360 /* SLPreviewViewController.swift */ = {isa = PBXFileReference; lastKnownFileType = sourcecode.swift; path = SLPreviewViewController.swift; sourceTree = "<group>"; };
		ED448D412872EC74009772B9 /* README.md */ = {isa = PBXFileReference; fileEncoding = 4; lastKnownFileType = net.daringfireball.markdown; name = README.md; path = ../README.md; sourceTree = "<group>"; };
		ED8BE07727477FD200DCED51 /* AnnouncementViewController.swift */ = {isa = PBXFileReference; lastKnownFileType = sourcecode.swift; path = AnnouncementViewController.swift; sourceTree = "<group>"; };
		ED8BE0792747828600DCED51 /* SpeechManager.swift */ = {isa = PBXFileReference; fileEncoding = 4; lastKnownFileType = sourcecode.swift; path = SpeechManager.swift; sourceTree = "<group>"; };
		ED8BE07B2747911E00DCED51 /* UIViewController.swift */ = {isa = PBXFileReference; lastKnownFileType = sourcecode.swift; path = UIViewController.swift; sourceTree = "<group>"; };
		ED8BE07F2747956500DCED51 /* PAViewController.swift */ = {isa = PBXFileReference; lastKnownFileType = sourcecode.swift; path = PAViewController.swift; sourceTree = "<group>"; };
		ED8BE0812747961400DCED51 /* sign.mp4 */ = {isa = PBXFileReference; lastKnownFileType = file; path = sign.mp4; sourceTree = "<group>"; };
		ED8BE08327479E8D00DCED51 /* ScanToSignLanguageViewController.swift */ = {isa = PBXFileReference; lastKnownFileType = sourcecode.swift; path = ScanToSignLanguageViewController.swift; sourceTree = "<group>"; };
		ED8BE0872747BDC900DCED51 /* ShortFilmV1.mp4 */ = {isa = PBXFileReference; lastKnownFileType = file; path = ShortFilmV1.mp4; sourceTree = "<group>"; };
		ED8BE0892747BDDC00DCED51 /* InflightViewController.swift */ = {isa = PBXFileReference; lastKnownFileType = sourcecode.swift; path = InflightViewController.swift; sourceTree = "<group>"; };
		ED8BE08F2747C60100DCED51 /* part12.mov */ = {isa = PBXFileReference; lastKnownFileType = video.quicktime; path = part12.mov; sourceTree = "<group>"; };
		ED8BE0902747C60100DCED51 /* part22.mov */ = {isa = PBXFileReference; lastKnownFileType = video.quicktime; path = part22.mov; sourceTree = "<group>"; };
		ED8F42C528733B0200757254 /* LiveTextViewController.swift */ = {isa = PBXFileReference; lastKnownFileType = sourcecode.swift; path = LiveTextViewController.swift; sourceTree = "<group>"; };
		EDDBE2D52740BA6000929EAC /* HearInclusive.app */ = {isa = PBXFileReference; explicitFileType = wrapper.application; includeInIndex = 0; path = HearInclusive.app; sourceTree = BUILT_PRODUCTS_DIR; };
		EDDBE2D82740BA6000929EAC /* AppDelegate.swift */ = {isa = PBXFileReference; lastKnownFileType = sourcecode.swift; path = AppDelegate.swift; sourceTree = "<group>"; };
		EDDBE2DA2740BA6000929EAC /* SceneDelegate.swift */ = {isa = PBXFileReference; lastKnownFileType = sourcecode.swift; path = SceneDelegate.swift; sourceTree = "<group>"; };
		EDDBE2DC2740BA6000929EAC /* SignLangRecorderViewController.swift */ = {isa = PBXFileReference; lastKnownFileType = sourcecode.swift; path = SignLangRecorderViewController.swift; sourceTree = "<group>"; };
		EDDBE2DF2740BA6100929EAC /* Base */ = {isa = PBXFileReference; lastKnownFileType = file.storyboard; name = Base; path = Base.lproj/Main.storyboard; sourceTree = "<group>"; };
		EDDBE2E12740BA6200929EAC /* Assets.xcassets */ = {isa = PBXFileReference; lastKnownFileType = folder.assetcatalog; path = Assets.xcassets; sourceTree = "<group>"; };
		EDDBE2E42740BA6200929EAC /* Base */ = {isa = PBXFileReference; lastKnownFileType = file.storyboard; name = Base; path = Base.lproj/LaunchScreen.storyboard; sourceTree = "<group>"; };
		EDDBE2E62740BA6200929EAC /* Info.plist */ = {isa = PBXFileReference; lastKnownFileType = text.plist.xml; path = Info.plist; sourceTree = "<group>"; };
		EDDBE2EE2740BA9800929EAC /* AVCaptureVideoOrientation+Extension.swift */ = {isa = PBXFileReference; fileEncoding = 4; lastKnownFileType = sourcecode.swift; path = "AVCaptureVideoOrientation+Extension.swift"; sourceTree = "<group>"; };
		EDDBE2EF2740BA9800929EAC /* VideoCapture.swift */ = {isa = PBXFileReference; fileEncoding = 4; lastKnownFileType = sourcecode.swift; path = VideoCapture.swift; sourceTree = "<group>"; };
		EDDBE2F32740BAD400929EAC /* CGImageExt.swift */ = {isa = PBXFileReference; lastKnownFileType = sourcecode.swift; path = CGImageExt.swift; sourceTree = "<group>"; };
		EDE1F0782872FD2F00E0A497 /* Photo.appex */ = {isa = PBXFileReference; explicitFileType = "wrapper.app-extension"; includeInIndex = 0; path = Photo.appex; sourceTree = BUILT_PRODUCTS_DIR; };
		EDE1F07A2872FD2F00E0A497 /* ShareViewController.swift */ = {isa = PBXFileReference; lastKnownFileType = sourcecode.swift; path = ShareViewController.swift; sourceTree = "<group>"; };
		EDE1F07D2872FD2F00E0A497 /* Base */ = {isa = PBXFileReference; lastKnownFileType = file.storyboard; name = Base; path = Base.lproj/MainInterface.storyboard; sourceTree = "<group>"; };
		EDE1F07F2872FD2F00E0A497 /* Info.plist */ = {isa = PBXFileReference; lastKnownFileType = text.plist.xml; path = Info.plist; sourceTree = "<group>"; };
/* End PBXFileReference section */

/* Begin PBXFrameworksBuildPhase section */
		EDDBE2D22740BA6000929EAC /* Frameworks */ = {
			isa = PBXFrameworksBuildPhase;
			buildActionMask = 2147483647;
			files = (
			);
			runOnlyForDeploymentPostprocessing = 0;
		};
		EDE1F0752872FD2F00E0A497 /* Frameworks */ = {
			isa = PBXFrameworksBuildPhase;
			buildActionMask = 2147483647;
			files = (
			);
			runOnlyForDeploymentPostprocessing = 0;
		};
/* End PBXFrameworksBuildPhase section */

/* Begin PBXGroup section */
		ED427AEB287420610071700A /* Custom View */ = {
			isa = PBXGroup;
			children = (
				ED427AEC287420780071700A /* RoundBorderView.swift */,
			);
			path = "Custom View";
			sourceTree = "<group>";
		};
		ED427AEE287427D80071700A /* Sign */ = {
			isa = PBXGroup;
			children = (
				ED427AF5287428F40071700A /* SLPlayer.swift */,
				ED427AF3287428BF0071700A /* SLSentence.swift */,
				ED427AF1287428470071700A /* SLSign.swift */,
				ED427AEF287428370071700A /* SLFrame.swift */,
				ED1D99DF28755FF2004037EA /* SLRecordingManager.swift */,
			);
			path = Sign;
			sourceTree = "<group>";
		};
		ED8BE0852747B55400DCED51 /* PA */ = {
			isa = PBXGroup;
			children = (
				ED8BE07727477FD200DCED51 /* AnnouncementViewController.swift */,
				ED8BE07F2747956500DCED51 /* PAViewController.swift */,
			);
			path = PA;
			sourceTree = "<group>";
		};
		ED8BE0862747BD9400DCED51 /* InflightMedia */ = {
			isa = PBXGroup;
			children = (
				ED8BE0892747BDDC00DCED51 /* InflightViewController.swift */,
			);
			path = InflightMedia;
			sourceTree = "<group>";
		};
		ED8BE0932747C75300DCED51 /* TextToSignLanguage */ = {
			isa = PBXGroup;
			children = (
				ED8BE08327479E8D00DCED51 /* ScanToSignLanguageViewController.swift */,
			);
			path = TextToSignLanguage;
			sourceTree = "<group>";
		};
		ED8F42C428733ADF00757254 /* Live Text To Sign Language */ = {
			isa = PBXGroup;
			children = (
				ED8F42C528733B0200757254 /* LiveTextViewController.swift */,
			);
			path = "Live Text To Sign Language";
			sourceTree = "<group>";
		};
		EDDBE2CC2740BA6000929EAC = {
			isa = PBXGroup;
			children = (
				ED448D412872EC74009772B9 /* README.md */,
				EDDBE2D72740BA6000929EAC /* FlyInclusiveSignLangRecordApp */,
				EDE1F0792872FD2F00E0A497 /* Photo */,
				EDDBE2D62740BA6000929EAC /* Products */,
			);
			sourceTree = "<group>";
		};
		EDDBE2D62740BA6000929EAC /* Products */ = {
			isa = PBXGroup;
			children = (
				EDDBE2D52740BA6000929EAC /* HearInclusive.app */,
				EDE1F0782872FD2F00E0A497 /* Photo.appex */,
			);
			name = Products;
			sourceTree = "<group>";
		};
		EDDBE2D72740BA6000929EAC /* FlyInclusiveSignLangRecordApp */ = {
			isa = PBXGroup;
			children = (
				ED427AEE287427D80071700A /* Sign */,
				ED427AEB287420610071700A /* Custom View */,
				EDDBE2EC2740BA8D00929EAC /* 3rd Party Resource */,
				ED8F42C428733ADF00757254 /* Live Text To Sign Language */,
				ED8BE0932747C75300DCED51 /* TextToSignLanguage */,
				ED8BE0862747BD9400DCED51 /* InflightMedia */,
				ED8BE0852747B55400DCED51 /* PA */,
				EDDBE2D82740BA6000929EAC /* AppDelegate.swift */,
				EDDBE2DA2740BA6000929EAC /* SceneDelegate.swift */,
				ED1D99DD28755BF0004037EA /* SLLibraryViewController.swift */,
				ED1D99DB28755BA9004037EA /* SLRecordingViewController.swift */,
				EDDBE2DC2740BA6000929EAC /* SignLangRecorderViewController.swift */,
				ED0EC0152858E895003839E3 /* CaptureFolderState.swift */,
				ED8BE0812747961400DCED51 /* sign.mp4 */,
				ED8BE0872747BDC900DCED51 /* ShortFilmV1.mp4 */,
				ED8BE08F2747C60100DCED51 /* part12.mov */,
				ED8BE0902747C60100DCED51 /* part22.mov */,
				EDDBE2DE2740BA6100929EAC /* Main.storyboard */,
				EDDBE2E12740BA6200929EAC /* Assets.xcassets */,
				EDDBE2E32740BA6200929EAC /* LaunchScreen.storyboard */,
				EDDBE2E62740BA6200929EAC /* Info.plist */,
				ED8BE07B2747911E00DCED51 /* UIViewController.swift */,
				ED0EC0172858E947003839E3 /* SignTableViewController.swift */,
				ED0EC0192858ECBE003839E3 /* PreviewViewController.swift */,
				ED0EC01B2858EF73003839E3 /* PreviewViewCell.swift */,
				ED1D99E128756BA0004037EA /* ExtractedWordCell.swift */,
				ED43F2E82875872000E9B360 /* SLPreviewViewController.swift */,
			);
			path = FlyInclusiveSignLangRecordApp;
			sourceTree = "<group>";
		};
		EDDBE2EC2740BA8D00929EAC /* 3rd Party Resource */ = {
			isa = PBXGroup;
			children = (
				EDDBE2F32740BAD400929EAC /* CGImageExt.swift */,
				ED8BE0792747828600DCED51 /* SpeechManager.swift */,
				EDDBE2EE2740BA9800929EAC /* AVCaptureVideoOrientation+Extension.swift */,
				EDDBE2EF2740BA9800929EAC /* VideoCapture.swift */,
			);
			path = "3rd Party Resource";
			sourceTree = "<group>";
		};
		EDE1F0792872FD2F00E0A497 /* Photo */ = {
			isa = PBXGroup;
			children = (
				EDE1F07A2872FD2F00E0A497 /* ShareViewController.swift */,
				EDE1F07C2872FD2F00E0A497 /* MainInterface.storyboard */,
				EDE1F07F2872FD2F00E0A497 /* Info.plist */,
			);
			path = Photo;
			sourceTree = "<group>";
		};
/* End PBXGroup section */

/* Begin PBXNativeTarget section */
		EDDBE2D42740BA6000929EAC /* HearInclusive */ = {
			isa = PBXNativeTarget;
			buildConfigurationList = EDDBE2E92740BA6200929EAC /* Build configuration list for PBXNativeTarget "HearInclusive" */;
			buildPhases = (
				EDDBE2D12740BA6000929EAC /* Sources */,
				EDDBE2D22740BA6000929EAC /* Frameworks */,
				EDDBE2D32740BA6000929EAC /* Resources */,
				EDE1F0862872FD2F00E0A497 /* Embed Foundation Extensions */,
			);
			buildRules = (
			);
			dependencies = (
				EDE1F0812872FD2F00E0A497 /* PBXTargetDependency */,
			);
			name = HearInclusive;
			productName = FlyInclusiveSignLangRecordApp;
			productReference = EDDBE2D52740BA6000929EAC /* HearInclusive.app */;
			productType = "com.apple.product-type.application";
		};
		EDE1F0772872FD2F00E0A497 /* Photo */ = {
			isa = PBXNativeTarget;
			buildConfigurationList = EDE1F0832872FD2F00E0A497 /* Build configuration list for PBXNativeTarget "Photo" */;
			buildPhases = (
				EDE1F0742872FD2F00E0A497 /* Sources */,
				EDE1F0752872FD2F00E0A497 /* Frameworks */,
				EDE1F0762872FD2F00E0A497 /* Resources */,
			);
			buildRules = (
			);
			dependencies = (
			);
			name = Photo;
			productName = Photo;
			productReference = EDE1F0782872FD2F00E0A497 /* Photo.appex */;
			productType = "com.apple.product-type.app-extension";
		};
/* End PBXNativeTarget section */

/* Begin PBXProject section */
		EDDBE2CD2740BA6000929EAC /* Project object */ = {
			isa = PBXProject;
			attributes = {
				BuildIndependentTargetsInParallel = 1;
				LastSwiftUpdateCheck = 1400;
				LastUpgradeCheck = 1310;
				TargetAttributes = {
					EDDBE2D42740BA6000929EAC = {
						CreatedOnToolsVersion = 13.1;
					};
					EDE1F0772872FD2F00E0A497 = {
						CreatedOnToolsVersion = 14.0;
					};
				};
			};
			buildConfigurationList = EDDBE2D02740BA6000929EAC /* Build configuration list for PBXProject "HearInclusive" */;
			compatibilityVersion = "Xcode 13.0";
			developmentRegion = en;
			hasScannedForEncodings = 0;
			knownRegions = (
				en,
				Base,
			);
			mainGroup = EDDBE2CC2740BA6000929EAC;
			productRefGroup = EDDBE2D62740BA6000929EAC /* Products */;
			projectDirPath = "";
			projectRoot = "";
			targets = (
				EDDBE2D42740BA6000929EAC /* HearInclusive */,
				EDE1F0772872FD2F00E0A497 /* Photo */,
			);
		};
/* End PBXProject section */

/* Begin PBXResourcesBuildPhase section */
		EDDBE2D32740BA6000929EAC /* Resources */ = {
			isa = PBXResourcesBuildPhase;
			buildActionMask = 2147483647;
			files = (
				EDDBE2E52740BA6200929EAC /* LaunchScreen.storyboard in Resources */,
				ED8BE0912747C60200DCED51 /* part12.mov in Resources */,
				EDDBE2E22740BA6200929EAC /* Assets.xcassets in Resources */,
				ED8BE0882747BDC900DCED51 /* ShortFilmV1.mp4 in Resources */,
				ED8BE0822747961400DCED51 /* sign.mp4 in Resources */,
				EDDBE2E02740BA6100929EAC /* Main.storyboard in Resources */,
				ED448D422872EC74009772B9 /* README.md in Resources */,
				ED8BE0922747C60200DCED51 /* part22.mov in Resources */,
			);
			runOnlyForDeploymentPostprocessing = 0;
		};
		EDE1F0762872FD2F00E0A497 /* Resources */ = {
			isa = PBXResourcesBuildPhase;
			buildActionMask = 2147483647;
			files = (
				EDE1F07E2872FD2F00E0A497 /* MainInterface.storyboard in Resources */,
			);
			runOnlyForDeploymentPostprocessing = 0;
		};
/* End PBXResourcesBuildPhase section */

/* Begin PBXSourcesBuildPhase section */
		EDDBE2D12740BA6000929EAC /* Sources */ = {
			isa = PBXSourcesBuildPhase;
			buildActionMask = 2147483647;
			files = (
				ED427AF0287428370071700A /* SLFrame.swift in Sources */,
				EDDBE2F42740BAD400929EAC /* CGImageExt.swift in Sources */,
				ED427AED287420780071700A /* RoundBorderView.swift in Sources */,
				ED43F2E92875872000E9B360 /* SLPreviewViewController.swift in Sources */,
				ED1D99DE28755BF0004037EA /* SLLibraryViewController.swift in Sources */,
				ED1D99E228756BA0004037EA /* ExtractedWordCell.swift in Sources */,
				ED0EC0162858E895003839E3 /* CaptureFolderState.swift in Sources */,
				ED8BE0802747956600DCED51 /* PAViewController.swift in Sources */,
				ED427AF4287428BF0071700A /* SLSentence.swift in Sources */,
				ED8BE08427479E8D00DCED51 /* ScanToSignLanguageViewController.swift in Sources */,
				ED8BE07A2747828600DCED51 /* SpeechManager.swift in Sources */,
				ED427AF2287428470071700A /* SLSign.swift in Sources */,
				ED8BE07C2747911E00DCED51 /* UIViewController.swift in Sources */,
				EDDBE2DD2740BA6000929EAC /* SignLangRecorderViewController.swift in Sources */,
				EDDBE2D92740BA6000929EAC /* AppDelegate.swift in Sources */,
				ED0EC01A2858ECBE003839E3 /* PreviewViewController.swift in Sources */,
				ED8BE08A2747BDDC00DCED51 /* InflightViewController.swift in Sources */,
				ED8BE07827477FD200DCED51 /* AnnouncementViewController.swift in Sources */,
				ED0EC0182858E947003839E3 /* SignTableViewController.swift in Sources */,
				ED8F42C628733B0200757254 /* LiveTextViewController.swift in Sources */,
				EDDBE2DB2740BA6000929EAC /* SceneDelegate.swift in Sources */,
				ED1D99E028755FF2004037EA /* SLRecordingManager.swift in Sources */,
				ED1D99DC28755BA9004037EA /* SLRecordingViewController.swift in Sources */,
				ED0EC01C2858EF73003839E3 /* PreviewViewCell.swift in Sources */,
				EDDBE2F22740BA9800929EAC /* VideoCapture.swift in Sources */,
				EDDBE2F12740BA9800929EAC /* AVCaptureVideoOrientation+Extension.swift in Sources */,
				ED427AF6287428F40071700A /* SLPlayer.swift in Sources */,
			);
			runOnlyForDeploymentPostprocessing = 0;
		};
		EDE1F0742872FD2F00E0A497 /* Sources */ = {
			isa = PBXSourcesBuildPhase;
			buildActionMask = 2147483647;
			files = (
				EDE1F07B2872FD2F00E0A497 /* ShareViewController.swift in Sources */,
			);
			runOnlyForDeploymentPostprocessing = 0;
		};
/* End PBXSourcesBuildPhase section */

/* Begin PBXTargetDependency section */
		EDE1F0812872FD2F00E0A497 /* PBXTargetDependency */ = {
			isa = PBXTargetDependency;
			target = EDE1F0772872FD2F00E0A497 /* Photo */;
			targetProxy = EDE1F0802872FD2F00E0A497 /* PBXContainerItemProxy */;
		};
/* End PBXTargetDependency section */

/* Begin PBXVariantGroup section */
		EDDBE2DE2740BA6100929EAC /* Main.storyboard */ = {
			isa = PBXVariantGroup;
			children = (
				EDDBE2DF2740BA6100929EAC /* Base */,
			);
			name = Main.storyboard;
			sourceTree = "<group>";
		};
		EDDBE2E32740BA6200929EAC /* LaunchScreen.storyboard */ = {
			isa = PBXVariantGroup;
			children = (
				EDDBE2E42740BA6200929EAC /* Base */,
			);
			name = LaunchScreen.storyboard;
			sourceTree = "<group>";
		};
		EDE1F07C2872FD2F00E0A497 /* MainInterface.storyboard */ = {
			isa = PBXVariantGroup;
			children = (
				EDE1F07D2872FD2F00E0A497 /* Base */,
			);
			name = MainInterface.storyboard;
			sourceTree = "<group>";
		};
/* End PBXVariantGroup section */

/* Begin XCBuildConfiguration section */
		EDDBE2E72740BA6200929EAC /* Debug */ = {
			isa = XCBuildConfiguration;
			buildSettings = {
				ALWAYS_SEARCH_USER_PATHS = NO;
				CLANG_ANALYZER_NONNULL = YES;
				CLANG_ANALYZER_NUMBER_OBJECT_CONVERSION = YES_AGGRESSIVE;
				CLANG_CXX_LANGUAGE_STANDARD = "gnu++17";
				CLANG_CXX_LIBRARY = "libc++";
				CLANG_ENABLE_MODULES = YES;
				CLANG_ENABLE_OBJC_ARC = YES;
				CLANG_ENABLE_OBJC_WEAK = YES;
				CLANG_WARN_BLOCK_CAPTURE_AUTORELEASING = YES;
				CLANG_WARN_BOOL_CONVERSION = YES;
				CLANG_WARN_COMMA = YES;
				CLANG_WARN_CONSTANT_CONVERSION = YES;
				CLANG_WARN_DEPRECATED_OBJC_IMPLEMENTATIONS = YES;
				CLANG_WARN_DIRECT_OBJC_ISA_USAGE = YES_ERROR;
				CLANG_WARN_DOCUMENTATION_COMMENTS = YES;
				CLANG_WARN_EMPTY_BODY = YES;
				CLANG_WARN_ENUM_CONVERSION = YES;
				CLANG_WARN_INFINITE_RECURSION = YES;
				CLANG_WARN_INT_CONVERSION = YES;
				CLANG_WARN_NON_LITERAL_NULL_CONVERSION = YES;
				CLANG_WARN_OBJC_IMPLICIT_RETAIN_SELF = YES;
				CLANG_WARN_OBJC_LITERAL_CONVERSION = YES;
				CLANG_WARN_OBJC_ROOT_CLASS = YES_ERROR;
				CLANG_WARN_QUOTED_INCLUDE_IN_FRAMEWORK_HEADER = YES;
				CLANG_WARN_RANGE_LOOP_ANALYSIS = YES;
				CLANG_WARN_STRICT_PROTOTYPES = YES;
				CLANG_WARN_SUSPICIOUS_MOVE = YES;
				CLANG_WARN_UNGUARDED_AVAILABILITY = YES_AGGRESSIVE;
				CLANG_WARN_UNREACHABLE_CODE = YES;
				CLANG_WARN__DUPLICATE_METHOD_MATCH = YES;
				COPY_PHASE_STRIP = NO;
				DEBUG_INFORMATION_FORMAT = dwarf;
				ENABLE_STRICT_OBJC_MSGSEND = YES;
				ENABLE_TESTABILITY = YES;
				GCC_C_LANGUAGE_STANDARD = gnu11;
				GCC_DYNAMIC_NO_PIC = NO;
				GCC_NO_COMMON_BLOCKS = YES;
				GCC_OPTIMIZATION_LEVEL = 0;
				GCC_PREPROCESSOR_DEFINITIONS = (
					"DEBUG=1",
					"$(inherited)",
				);
				GCC_WARN_64_TO_32_BIT_CONVERSION = YES;
				GCC_WARN_ABOUT_RETURN_TYPE = YES_ERROR;
				GCC_WARN_UNDECLARED_SELECTOR = YES;
				GCC_WARN_UNINITIALIZED_AUTOS = YES_AGGRESSIVE;
				GCC_WARN_UNUSED_FUNCTION = YES;
				GCC_WARN_UNUSED_VARIABLE = YES;
				IPHONEOS_DEPLOYMENT_TARGET = 15.0;
				MTL_ENABLE_DEBUG_INFO = INCLUDE_SOURCE;
				MTL_FAST_MATH = YES;
				ONLY_ACTIVE_ARCH = YES;
				SDKROOT = iphoneos;
				SWIFT_ACTIVE_COMPILATION_CONDITIONS = DEBUG;
				SWIFT_OPTIMIZATION_LEVEL = "-Onone";
			};
			name = Debug;
		};
		EDDBE2E82740BA6200929EAC /* Release */ = {
			isa = XCBuildConfiguration;
			buildSettings = {
				ALWAYS_SEARCH_USER_PATHS = NO;
				CLANG_ANALYZER_NONNULL = YES;
				CLANG_ANALYZER_NUMBER_OBJECT_CONVERSION = YES_AGGRESSIVE;
				CLANG_CXX_LANGUAGE_STANDARD = "gnu++17";
				CLANG_CXX_LIBRARY = "libc++";
				CLANG_ENABLE_MODULES = YES;
				CLANG_ENABLE_OBJC_ARC = YES;
				CLANG_ENABLE_OBJC_WEAK = YES;
				CLANG_WARN_BLOCK_CAPTURE_AUTORELEASING = YES;
				CLANG_WARN_BOOL_CONVERSION = YES;
				CLANG_WARN_COMMA = YES;
				CLANG_WARN_CONSTANT_CONVERSION = YES;
				CLANG_WARN_DEPRECATED_OBJC_IMPLEMENTATIONS = YES;
				CLANG_WARN_DIRECT_OBJC_ISA_USAGE = YES_ERROR;
				CLANG_WARN_DOCUMENTATION_COMMENTS = YES;
				CLANG_WARN_EMPTY_BODY = YES;
				CLANG_WARN_ENUM_CONVERSION = YES;
				CLANG_WARN_INFINITE_RECURSION = YES;
				CLANG_WARN_INT_CONVERSION = YES;
				CLANG_WARN_NON_LITERAL_NULL_CONVERSION = YES;
				CLANG_WARN_OBJC_IMPLICIT_RETAIN_SELF = YES;
				CLANG_WARN_OBJC_LITERAL_CONVERSION = YES;
				CLANG_WARN_OBJC_ROOT_CLASS = YES_ERROR;
				CLANG_WARN_QUOTED_INCLUDE_IN_FRAMEWORK_HEADER = YES;
				CLANG_WARN_RANGE_LOOP_ANALYSIS = YES;
				CLANG_WARN_STRICT_PROTOTYPES = YES;
				CLANG_WARN_SUSPICIOUS_MOVE = YES;
				CLANG_WARN_UNGUARDED_AVAILABILITY = YES_AGGRESSIVE;
				CLANG_WARN_UNREACHABLE_CODE = YES;
				CLANG_WARN__DUPLICATE_METHOD_MATCH = YES;
				COPY_PHASE_STRIP = NO;
				DEBUG_INFORMATION_FORMAT = "dwarf-with-dsym";
				ENABLE_NS_ASSERTIONS = NO;
				ENABLE_STRICT_OBJC_MSGSEND = YES;
				GCC_C_LANGUAGE_STANDARD = gnu11;
				GCC_NO_COMMON_BLOCKS = YES;
				GCC_WARN_64_TO_32_BIT_CONVERSION = YES;
				GCC_WARN_ABOUT_RETURN_TYPE = YES_ERROR;
				GCC_WARN_UNDECLARED_SELECTOR = YES;
				GCC_WARN_UNINITIALIZED_AUTOS = YES_AGGRESSIVE;
				GCC_WARN_UNUSED_FUNCTION = YES;
				GCC_WARN_UNUSED_VARIABLE = YES;
				IPHONEOS_DEPLOYMENT_TARGET = 15.0;
				MTL_ENABLE_DEBUG_INFO = NO;
				MTL_FAST_MATH = YES;
				SDKROOT = iphoneos;
				SWIFT_COMPILATION_MODE = wholemodule;
				SWIFT_OPTIMIZATION_LEVEL = "-O";
				VALIDATE_PRODUCT = YES;
			};
			name = Release;
		};
		EDDBE2EA2740BA6200929EAC /* Debug */ = {
			isa = XCBuildConfiguration;
			buildSettings = {
				ALWAYS_EMBED_SWIFT_STANDARD_LIBRARIES = YES;
				ASSETCATALOG_COMPILER_APPICON_NAME = AppIcon;
				ASSETCATALOG_COMPILER_GLOBAL_ACCENT_COLOR_NAME = AccentColor;
				CODE_SIGN_STYLE = Automatic;
				CURRENT_PROJECT_VERSION = 1;
				DEVELOPMENT_TEAM = G747L87TGJ;
				GENERATE_INFOPLIST_FILE = YES;
				INFOPLIST_FILE = FlyInclusiveSignLangRecordApp/Info.plist;
				INFOPLIST_KEY_NSCameraUsageDescription = "Use camera to capture the sign language";
				INFOPLIST_KEY_NSMicrophoneUsageDescription = "Use Mic";
				INFOPLIST_KEY_NSPhotoLibraryAddUsageDescription = "For storing video";
				INFOPLIST_KEY_NSPhotoLibraryUsageDescription = "For storing video";
				INFOPLIST_KEY_NSSpeechRecognitionUsageDescription = "Use Speech Recognition";
				INFOPLIST_KEY_UIApplicationSupportsIndirectInputEvents = YES;
				INFOPLIST_KEY_UILaunchStoryboardName = LaunchScreen;
				INFOPLIST_KEY_UIMainStoryboardFile = Main;
				INFOPLIST_KEY_UISupportedInterfaceOrientations_iPad = "UIInterfaceOrientationPortrait UIInterfaceOrientationPortraitUpsideDown UIInterfaceOrientationLandscapeLeft UIInterfaceOrientationLandscapeRight";
				INFOPLIST_KEY_UISupportedInterfaceOrientations_iPhone = "UIInterfaceOrientationPortrait UIInterfaceOrientationLandscapeLeft UIInterfaceOrientationLandscapeRight";
				IPHONEOS_DEPLOYMENT_TARGET = 16.0;
				LD_RUNPATH_SEARCH_PATHS = (
					"$(inherited)",
					"@executable_path/Frameworks",
				);
				MARKETING_VERSION = 1.0;
				PRODUCT_BUNDLE_IDENTIFIER = hackathon.FlyInclusiveSignLangRecordApp;
				PRODUCT_NAME = "$(TARGET_NAME)";
				SWIFT_EMIT_LOC_STRINGS = YES;
				SWIFT_VERSION = 5.0;
				TARGETED_DEVICE_FAMILY = "1,2";
			};
			name = Debug;
		};
		EDDBE2EB2740BA6200929EAC /* Release */ = {
			isa = XCBuildConfiguration;
			buildSettings = {
				ALWAYS_EMBED_SWIFT_STANDARD_LIBRARIES = YES;
				ASSETCATALOG_COMPILER_APPICON_NAME = AppIcon;
				ASSETCATALOG_COMPILER_GLOBAL_ACCENT_COLOR_NAME = AccentColor;
				CODE_SIGN_STYLE = Automatic;
				CURRENT_PROJECT_VERSION = 1;
				DEVELOPMENT_TEAM = G747L87TGJ;
				GENERATE_INFOPLIST_FILE = YES;
				INFOPLIST_FILE = FlyInclusiveSignLangRecordApp/Info.plist;
				INFOPLIST_KEY_NSCameraUsageDescription = "Use camera to capture the sign language";
				INFOPLIST_KEY_NSMicrophoneUsageDescription = "Use Mic";
				INFOPLIST_KEY_NSPhotoLibraryAddUsageDescription = "For storing video";
				INFOPLIST_KEY_NSPhotoLibraryUsageDescription = "For storing video";
				INFOPLIST_KEY_NSSpeechRecognitionUsageDescription = "Use Speech Recognition";
				INFOPLIST_KEY_UIApplicationSupportsIndirectInputEvents = YES;
				INFOPLIST_KEY_UILaunchStoryboardName = LaunchScreen;
				INFOPLIST_KEY_UIMainStoryboardFile = Main;
				INFOPLIST_KEY_UISupportedInterfaceOrientations_iPad = "UIInterfaceOrientationPortrait UIInterfaceOrientationPortraitUpsideDown UIInterfaceOrientationLandscapeLeft UIInterfaceOrientationLandscapeRight";
				INFOPLIST_KEY_UISupportedInterfaceOrientations_iPhone = "UIInterfaceOrientationPortrait UIInterfaceOrientationLandscapeLeft UIInterfaceOrientationLandscapeRight";
				IPHONEOS_DEPLOYMENT_TARGET = 16.0;
				LD_RUNPATH_SEARCH_PATHS = (
					"$(inherited)",
					"@executable_path/Frameworks",
				);
				MARKETING_VERSION = 1.0;
				PRODUCT_BUNDLE_IDENTIFIER = hackathon.FlyInclusiveSignLangRecordApp;
				PRODUCT_NAME = "$(TARGET_NAME)";
				SWIFT_EMIT_LOC_STRINGS = YES;
				SWIFT_VERSION = 5.0;
				TARGETED_DEVICE_FAMILY = "1,2";
			};
			name = Release;
		};
		EDE1F0842872FD2F00E0A497 /* Debug */ = {
			isa = XCBuildConfiguration;
			buildSettings = {
				CODE_SIGN_STYLE = Automatic;
				CURRENT_PROJECT_VERSION = 1;
				DEVELOPMENT_TEAM = G747L87TGJ;
				GENERATE_INFOPLIST_FILE = YES;
				INFOPLIST_FILE = Photo/Info.plist;
				INFOPLIST_KEY_CFBundleDisplayName = Photo;
				INFOPLIST_KEY_NSHumanReadableCopyright = "";
				IPHONEOS_DEPLOYMENT_TARGET = 16.0;
				LD_RUNPATH_SEARCH_PATHS = (
					"$(inherited)",
					"@executable_path/Frameworks",
					"@executable_path/../../Frameworks",
				);
				MARKETING_VERSION = 1.0;
				PRODUCT_BUNDLE_IDENTIFIER = hackathon.FlyInclusiveSignLangRecordApp.Photo;
				PRODUCT_NAME = "$(TARGET_NAME)";
				SKIP_INSTALL = YES;
				SWIFT_EMIT_LOC_STRINGS = YES;
				SWIFT_VERSION = 5.0;
				TARGETED_DEVICE_FAMILY = "1,2";
			};
			name = Debug;
		};
		EDE1F0852872FD2F00E0A497 /* Release */ = {
			isa = XCBuildConfiguration;
			buildSettings = {
				CODE_SIGN_STYLE = Automatic;
				CURRENT_PROJECT_VERSION = 1;
				DEVELOPMENT_TEAM = G747L87TGJ;
				GENERATE_INFOPLIST_FILE = YES;
				INFOPLIST_FILE = Photo/Info.plist;
				INFOPLIST_KEY_CFBundleDisplayName = Photo;
				INFOPLIST_KEY_NSHumanReadableCopyright = "";
				IPHONEOS_DEPLOYMENT_TARGET = 16.0;
				LD_RUNPATH_SEARCH_PATHS = (
					"$(inherited)",
					"@executable_path/Frameworks",
					"@executable_path/../../Frameworks",
				);
				MARKETING_VERSION = 1.0;
				PRODUCT_BUNDLE_IDENTIFIER = hackathon.FlyInclusiveSignLangRecordApp.Photo;
				PRODUCT_NAME = "$(TARGET_NAME)";
				SKIP_INSTALL = YES;
				SWIFT_EMIT_LOC_STRINGS = YES;
				SWIFT_VERSION = 5.0;
				TARGETED_DEVICE_FAMILY = "1,2";
			};
			name = Release;
		};
/* End XCBuildConfiguration section */

/* Begin XCConfigurationList section */
		EDDBE2D02740BA6000929EAC /* Build configuration list for PBXProject "HearInclusive" */ = {
			isa = XCConfigurationList;
			buildConfigurations = (
				EDDBE2E72740BA6200929EAC /* Debug */,
				EDDBE2E82740BA6200929EAC /* Release */,
			);
			defaultConfigurationIsVisible = 0;
			defaultConfigurationName = Release;
		};
		EDDBE2E92740BA6200929EAC /* Build configuration list for PBXNativeTarget "HearInclusive" */ = {
			isa = XCConfigurationList;
			buildConfigurations = (
				EDDBE2EA2740BA6200929EAC /* Debug */,
				EDDBE2EB2740BA6200929EAC /* Release */,
			);
			defaultConfigurationIsVisible = 0;
			defaultConfigurationName = Release;
		};
		EDE1F0832872FD2F00E0A497 /* Build configuration list for PBXNativeTarget "Photo" */ = {
			isa = XCConfigurationList;
			buildConfigurations = (
				EDE1F0842872FD2F00E0A497 /* Debug */,
				EDE1F0852872FD2F00E0A497 /* Release */,
			);
			defaultConfigurationIsVisible = 0;
			defaultConfigurationName = Release;
		};
/* End XCConfigurationList section */
	};
	rootObject = EDDBE2CD2740BA6000929EAC /* Project object */;
}
