{
  "pins" : [
    {
      "identity" : "dswaveformimage",
      "kind" : "remoteSourceControl",
      "location" : "https://github.com/dmrschmidt/DSWaveformImage",
      "state" : {
        "revision" : "e9a2e5422d1e58e7411e8ecce0b4b091e627d223",
        "version" : "9.1.1"
      }
    }
  ],
  "version" : 2
}
